# This file is automatically @generated by Cargo.
# It is not intended for manual editing.
version = 4

[[package]]
name = "dotenvy"
version = "0.15.7"
source = "registry+https://github.com/rust-lang/crates.io-index"
checksum = "1aaf95b3e5c8f23aa320147307562d361db0ae0d51242340f558153b4eb2439b"

[[package]]
name = "httparse"
version = "1.10.1"
source = "registry+https://github.com/rust-lang/crates.io-index"
checksum = "6dbf3de79e51f3d586ab4cb9d5c3e2c14aa28ed23d180cf89b4df0454a69cc87"

[[package]]
name = "iap_proxy"
version = "0.1.0"
dependencies = [
 "dotenvy",
 "httparse",
]
